
Microsoft Visual Studio Solution File, Format Version 12.00
# Visual Studio Version 16
VisualStudioVersion = 16.0.30907.101
MinimumVisualStudioVersion = 10.0.40219.1
Project("{FAE04EC0-301F-11D3-BF4B-00C04F79EFBC}") = "DataGrid", "DataGrid.csproj", "{618767BB-DEC9-4E0F-BEAE-69011614AACB}"
EndProject
Project("{FAE04EC0-301F-11D3-BF4B-00C04F79EFBC}") = "DB", "..\DB\DB.csproj", "{012DAE8C-CE32-4F21-8753-E0819D32B962}"
EndProject
Project("{FAE04EC0-301F-11D3-BF4B-00C04F79EFBC}") = "Grilla", "..\Grilla\Grilla.csproj", "{6913A17F-D211-4D9B-BE25-832E32E5F496}"
EndProject
Global
	GlobalSection(SolutionConfigurationPlatforms) = preSolution
		Debug|Any CPU = Debug|Any CPU
		Release|Any CPU = Release|Any CPU
	EndGlobalSection
	GlobalSection(ProjectConfigurationPlatforms) = postSolution
		{618767BB-DEC9-4E0F-BEAE-69011614AACB}.Debug|Any CPU.ActiveCfg = Debug|Any CPU
		{618767BB-DEC9-4E0F-BEAE-69011614AACB}.Debug|Any CPU.Build.0 = Debug|Any CPU
		{618767BB-DEC9-4E0F-BEAE-69011614AACB}.Release|Any CPU.ActiveCfg = Release|Any CPU
		{618767BB-DEC9-4E0F-BEAE-69011614AACB}.Release|Any CPU.Build.0 = Release|Any CPU
		{012DAE8C-CE32-4F21-8753-E0819D32B962}.Debug|Any CPU.ActiveCfg = Debug|Any CPU
		{012DAE8C-CE32-4F21-8753-E0819D32B962}.Debug|Any CPU.Build.0 = Debug|Any CPU
		{012DAE8C-CE32-4F21-8753-E0819D32B962}.Release|Any CPU.ActiveCfg = Release|Any CPU
		{012DAE8C-CE32-4F21-8753-E0819D32B962}.Release|Any CPU.Build.0 = Release|Any CPU
		{6913A17F-D211-4D9B-BE25-832E32E5F496}.Debug|Any CPU.ActiveCfg = Debug|Any CPU
		{6913A17F-D211-4D9B-BE25-832E32E5F496}.Debug|Any CPU.Build.0 = Debug|Any CPU
		{6913A17F-D211-4D9B-BE25-832E32E5F496}.Release|Any CPU.ActiveCfg = Release|Any CPU
		{6913A17F-D211-4D9B-BE25-832E32E5F496}.Release|Any CPU.Build.0 = Release|Any CPU
	EndGlobalSection
	GlobalSection(SolutionProperties) = preSolution
		HideSolutionNode = FALSE
	EndGlobalSection
	GlobalSection(ExtensibilityGlobals) = postSolution
		SolutionGuid = {7D7D85FF-FABB-4251-9A97-33AC1DF584BB}
	EndGlobalSection
EndGlobal
